// !$*UTF8*$!
{
	archiveVersion = 1;
	classes = {
	};
	objectVersion = 77;
	objects = {

/* Begin PBXContainerItemProxy section */
		03892BF62D270AFF000D2989 /* PBXContainerItemProxy */ = {
			isa = PBXContainerItemProxy;
			containerPortal = 03892BDD2D270AFD000D2989 /* Project object */;
			proxyType = 1;
			remoteGlobalIDString = 03892BE42D270AFD000D2989;
			remoteInfo = LeagueChampionStats;
		};
		03892C002D270AFF000D2989 /* PBXContainerItemProxy */ = {
			isa = PBXContainerItemProxy;
			containerPortal = 03892BDD2D270AFD000D2989 /* Project object */;
			proxyType = 1;
			remoteGlobalIDString = 03892BE42D270AFD000D2989;
			remoteInfo = LeagueChampionStats;
		};
/* End PBXContainerItemProxy section */

/* Begin PBXFileReference section */
		03892BE52D270AFD000D2989 /* LeagueChampionStats.app */ = {isa = PBXFileReference; explicitFileType = wrapper.application; includeInIndex = 0; path = LeagueChampionStats.app; sourceTree = BUILT_PRODUCTS_DIR; };
		03892BF52D270AFF000D2989 /* LeagueChampionStatsTests.xctest */ = {isa = PBXFileReference; explicitFileType = wrapper.cfbundle; includeInIndex = 0; path = LeagueChampionStatsTests.xctest; sourceTree = BUILT_PRODUCTS_DIR; };
		03892BFF2D270AFF000D2989 /* LeagueChampionStatsUITests.xctest */ = {isa = PBXFileReference; explicitFileType = wrapper.cfbundle; includeInIndex = 0; path = LeagueChampionStatsUITests.xctest; sourceTree = BUILT_PRODUCTS_DIR; };
/* End PBXFileReference section */

/* Begin PBXFileSystemSynchronizedRootGroup section */
		03892BE72D270AFD000D2989 /* LeagueChampionStats */ = {
			isa = PBXFileSystemSynchronizedRootGroup;
			path = LeagueChampionStats;
			sourceTree = "<group>";
		};
		03892BF82D270AFF000D2989 /* LeagueChampionStatsTests */ = {
			isa = PBXFileSystemSynchronizedRootGroup;
			path = LeagueChampionStatsTests;
			sourceTree = "<group>";
		};
		03892C022D270AFF000D2989 /* LeagueChampionStatsUITests */ = {
			isa = PBXFileSystemSynchronizedRootGroup;
			path = LeagueChampionStatsUITests;
			sourceTree = "<group>";
		};
/* End PBXFileSystemSynchronizedRootGroup section */

/* Begin PBXFrameworksBuildPhase section */
		03892BE22D270AFD000D2989 /* Frameworks */ = {
			isa = PBXFrameworksBuildPhase;
			buildActionMask = 2147483647;
			files = (
			);
			runOnlyForDeploymentPostprocessing = 0;
		};
		03892BF22D270AFF000D2989 /* Frameworks */ = {
			isa = PBXFrameworksBuildPhase;
			buildActionMask = 2147483647;
			files = (
			);
			runOnlyForDeploymentPostprocessing = 0;
		};
		03892BFC2D270AFF000D2989 /* Frameworks */ = {
			isa = PBXFrameworksBuildPhase;
			buildActionMask = 2147483647;
			files = (
			);
			runOnlyForDeploymentPostprocessing = 0;
		};
/* End PBXFrameworksBuildPhase section */

/* Begin PBXGroup section */
		03892BDC2D270AFD000D2989 = {
			isa = PBXGroup;
			children = (
				03892BE72D270AFD000D2989 /* LeagueChampionStats */,
				03892BF82D270AFF000D2989 /* LeagueChampionStatsTests */,
				03892C022D270AFF000D2989 /* LeagueChampionStatsUITests */,
				03892BE62D270AFD000D2989 /* Products */,
			);
			sourceTree = "<group>";
		};
		03892BE62D270AFD000D2989 /* Products */ = {
			isa = PBXGroup;
			children = (
				03892BE52D270AFD000D2989 /* LeagueChampionStats.app */,
				03892BF52D270AFF000D2989 /* LeagueChampionStatsTests.xctest */,
				03892BFF2D270AFF000D2989 /* LeagueChampionStatsUITests.xctest */,
			);
			name = Products;
			sourceTree = "<group>";
		};
/* End PBXGroup section */

/* Begin PBXNativeTarget section */
		03892BE42D270AFD000D2989 /* LeagueChampionStats */ = {
			isa = PBXNativeTarget;
			buildConfigurationList = 03892C092D270AFF000D2989 /* Build configuration list for PBXNativeTarget "LeagueChampionStats" */;
			buildPhases = (
				03892BE12D270AFD000D2989 /* Sources */,
				03892BE22D270AFD000D2989 /* Frameworks */,
				03892BE32D270AFD000D2989 /* Resources */,
			);
			buildRules = (
			);
			dependencies = (
			);
			fileSystemSynchronizedGroups = (
				03892BE72D270AFD000D2989 /* LeagueChampionStats */,
			);
			name = LeagueChampionStats;
			packageProductDependencies = (
			);
			productName = LeagueChampionStats;
			productReference = 03892BE52D270AFD000D2989 /* LeagueChampionStats.app */;
			productType = "com.apple.product-type.application";
		};
		03892BF42D270AFF000D2989 /* LeagueChampionStatsTests */ = {
			isa = PBXNativeTarget;
			buildConfigurationList = 03892C0C2D270AFF000D2989 /* Build configuration list for PBXNativeTarget "LeagueChampionStatsTests" */;
			buildPhases = (
				03892BF12D270AFF000D2989 /* Sources */,
				03892BF22D270AFF000D2989 /* Frameworks */,
				03892BF32D270AFF000D2989 /* Resources */,
			);
			buildRules = (
			);
			dependencies = (
				03892BF72D270AFF000D2989 /* PBXTargetDependency */,
			);
			fileSystemSynchronizedGroups = (
				03892BF82D270AFF000D2989 /* LeagueChampionStatsTests */,
			);
			name = LeagueChampionStatsTests;
			packageProductDependencies = (
			);
			productName = LeagueChampionStatsTests;
			productReference = 03892BF52D270AFF000D2989 /* LeagueChampionStatsTests.xctest */;
			productType = "com.apple.product-type.bundle.unit-test";
		};
		03892BFE2D270AFF000D2989 /* LeagueChampionStatsUITests */ = {
			isa = PBXNativeTarget;
			buildConfigurationList = 03892C0F2D270AFF000D2989 /* Build configuration list for PBXNativeTarget "LeagueChampionStatsUITests" */;
			buildPhases = (
				03892BFB2D270AFF000D2989 /* Sources */,
				03892BFC2D270AFF000D2989 /* Frameworks */,
				03892BFD2D270AFF000D2989 /* Resources */,
			);
			buildRules = (
			);
			dependencies = (
				03892C012D270AFF000D2989 /* PBXTargetDependency */,
			);
			fileSystemSynchronizedGroups = (
				03892C022D270AFF000D2989 /* LeagueChampionStatsUITests */,
			);
			name = LeagueChampionStatsUITests;
			packageProductDependencies = (
			);
			productName = LeagueChampionStatsUITests;
			productReference = 03892BFF2D270AFF000D2989 /* LeagueChampionStatsUITests.xctest */;
			productType = "com.apple.product-type.bundle.ui-testing";
		};
/* End PBXNativeTarget section */

/* Begin PBXProject section */
		03892BDD2D270AFD000D2989 /* Project object */ = {
			isa = PBXProject;
			attributes = {
				BuildIndependentTargetsInParallel = 1;
				LastSwiftUpdateCheck = 1600;
				LastUpgradeCheck = 1600;
				TargetAttributes = {
					03892BE42D270AFD000D2989 = {
						CreatedOnToolsVersion = 16.0;
					};
					03892BF42D270AFF000D2989 = {
						CreatedOnToolsVersion = 16.0;
						TestTargetID = 03892BE42D270AFD000D2989;
					};
					03892BFE2D270AFF000D2989 = {
						CreatedOnToolsVersion = 16.0;
						TestTargetID = 03892BE42D270AFD000D2989;
					};
				};
			};
			buildConfigurationList = 03892BE02D270AFD000D2989 /* Build configuration list for PBXProject "LeagueChampionStats" */;
			developmentRegion = en;
			hasScannedForEncodings = 0;
			knownRegions = (
				en,
				Base,
			);
			mainGroup = 03892BDC2D270AFD000D2989;
			minimizedProjectReferenceProxies = 1;
			preferredProjectObjectVersion = 77;
			productRefGroup = 03892BE62D270AFD000D2989 /* Products */;
			projectDirPath = "";
			projectRoot = "";
			targets = (
				03892BE42D270AFD000D2989 /* LeagueChampionStats */,
				03892BF42D270AFF000D2989 /* LeagueChampionStatsTests */,
				03892BFE2D270AFF000D2989 /* LeagueChampionStatsUITests */,
			);
		};
/* End PBXProject section */

/* Begin PBXResourcesBuildPhase section */
		03892BE32D270AFD000D2989 /* Resources */ = {
			isa = PBXResourcesBuildPhase;
			buildActionMask = 2147483647;
			files = (
			);
			runOnlyForDeploymentPostprocessing = 0;
		};
		03892BF32D270AFF000D2989 /* Resources */ = {
			isa = PBXResourcesBuildPhase;
			buildActionMask = 2147483647;
			files = (
			);
			runOnlyForDeploymentPostprocessing = 0;
		};
		03892BFD2D270AFF000D2989 /* Resources */ = {
			isa = PBXResourcesBuildPhase;
			buildActionMask = 2147483647;
			files = (
			);
			runOnlyForDeploymentPostprocessing = 0;
		};
/* End PBXResourcesBuildPhase section */

/* Begin PBXSourcesBuildPhase section */
		03892BE12D270AFD000D2989 /* Sources */ = {
			isa = PBXSourcesBuildPhase;
			buildActionMask = 2147483647;
			files = (
			);
			runOnlyForDeploymentPostprocessing = 0;
		};
		03892BF12D270AFF000D2989 /* Sources */ = {
			isa = PBXSourcesBuildPhase;
			buildActionMask = 2147483647;
			files = (
			);
			runOnlyForDeploymentPostprocessing = 0;
		};
		03892BFB2D270AFF000D2989 /* Sources */ = {
			isa = PBXSourcesBuildPhase;
			buildActionMask = 2147483647;
			files = (
			);
			runOnlyForDeploymentPostprocessing = 0;
		};
/* End PBXSourcesBuildPhase section */

/* Begin PBXTargetDependency section */
		03892BF72D270AFF000D2989 /* PBXTargetDependency */ = {
			isa = PBXTargetDependency;
			target = 03892BE42D270AFD000D2989 /* LeagueChampionStats */;
			targetProxy = 03892BF62D270AFF000D2989 /* PBXContainerItemProxy */;
		};
		03892C012D270AFF000D2989 /* PBXTargetDependency */ = {
			isa = PBXTargetDependency;
			target = 03892BE42D270AFD000D2989 /* LeagueChampionStats */;
			targetProxy = 03892C002D270AFF000D2989 /* PBXContainerItemProxy */;
		};
/* End PBXTargetDependency section */

/* Begin XCBuildConfiguration section */
		03892C072D270AFF000D2989 /* Debug */ = {
			isa = XCBuildConfiguration;
			buildSettings = {
				ALWAYS_SEARCH_USER_PATHS = NO;
				ASSETCATALOG_COMPILER_GENERATE_SWIFT_ASSET_SYMBOL_EXTENSIONS = YES;
				CLANG_ANALYZER_NONNULL = YES;
				CLANG_ANALYZER_NUMBER_OBJECT_CONVERSION = YES_AGGRESSIVE;
				CLANG_CXX_LANGUAGE_STANDARD = "gnu++20";
				CLANG_ENABLE_MODULES = YES;
				CLANG_ENABLE_OBJC_ARC = YES;
				CLANG_ENABLE_OBJC_WEAK = YES;
				CLANG_WARN_BLOCK_CAPTURE_AUTORELEASING = YES;
				CLANG_WARN_BOOL_CONVERSION = YES;
				CLANG_WARN_COMMA = YES;
				CLANG_WARN_CONSTANT_CONVERSION = YES;
				CLANG_WARN_DEPRECATED_OBJC_IMPLEMENTATIONS = YES;
				CLANG_WARN_DIRECT_OBJC_ISA_USAGE = YES_ERROR;
				CLANG_WARN_DOCUMENTATION_COMMENTS = YES;
				CLANG_WARN_EMPTY_BODY = YES;
				CLANG_WARN_ENUM_CONVERSION = YES;
				CLANG_WARN_INFINITE_RECURSION = YES;
				CLANG_WARN_INT_CONVERSION = YES;
				CLANG_WARN_NON_LITERAL_NULL_CONVERSION = YES;
				CLANG_WARN_OBJC_IMPLICIT_RETAIN_SELF = YES;
				CLANG_WARN_OBJC_LITERAL_CONVERSION = YES;
				CLANG_WARN_OBJC_ROOT_CLASS = YES_ERROR;
				CLANG_WARN_QUOTED_INCLUDE_IN_FRAMEWORK_HEADER = YES;
				CLANG_WARN_RANGE_LOOP_ANALYSIS = YES;
				CLANG_WARN_STRICT_PROTOTYPES = YES;
				CLANG_WARN_SUSPICIOUS_MOVE = YES;
				CLANG_WARN_UNGUARDED_AVAILABILITY = YES_AGGRESSIVE;
				CLANG_WARN_UNREACHABLE_CODE = YES;
				CLANG_WARN__DUPLICATE_METHOD_MATCH = YES;
				COPY_PHASE_STRIP = NO;
				DEBUG_INFORMATION_FORMAT = dwarf;
				ENABLE_STRICT_OBJC_MSGSEND = YES;
				ENABLE_TESTABILITY = YES;
				ENABLE_USER_SCRIPT_SANDBOXING = YES;
				GCC_C_LANGUAGE_STANDARD = gnu17;
				GCC_DYNAMIC_NO_PIC = NO;
				GCC_NO_COMMON_BLOCKS = YES;
				GCC_OPTIMIZATION_LEVEL = 0;
				GCC_PREPROCESSOR_DEFINITIONS = (
					"DEBUG=1",
					"$(inherited)",
				);
				GCC_WARN_64_TO_32_BIT_CONVERSION = YES;
				GCC_WARN_ABOUT_RETURN_TYPE = YES_ERROR;
				GCC_WARN_UNDECLARED_SELECTOR = YES;
				GCC_WARN_UNINITIALIZED_AUTOS = YES_AGGRESSIVE;
				GCC_WARN_UNUSED_FUNCTION = YES;
				GCC_WARN_UNUSED_VARIABLE = YES;
				IPHONEOS_DEPLOYMENT_TARGET = 18.0;
				LOCALIZATION_PREFERS_STRING_CATALOGS = YES;
				MTL_ENABLE_DEBUG_INFO = INCLUDE_SOURCE;
				MTL_FAST_MATH = YES;
				ONLY_ACTIVE_ARCH = YES;
				SDKROOT = iphoneos;
				SWIFT_ACTIVE_COMPILATION_CONDITIONS = "DEBUG $(inherited)";
				SWIFT_OPTIMIZATION_LEVEL = "-Onone";
			};
			name = Debug;
		};
		03892C082D270AFF000D2989 /* Release */ = {
			isa = XCBuildConfiguration;
			buildSettings = {
				ALWAYS_SEARCH_USER_PATHS = NO;
				ASSETCATALOG_COMPILER_GENERATE_SWIFT_ASSET_SYMBOL_EXTENSIONS = YES;
				CLANG_ANALYZER_NONNULL = YES;
				CLANG_ANALYZER_NUMBER_OBJECT_CONVERSION = YES_AGGRESSIVE;
				CLANG_CXX_LANGUAGE_STANDARD = "gnu++20";
				CLANG_ENABLE_MODULES = YES;
				CLANG_ENABLE_OBJC_ARC = YES;
				CLANG_ENABLE_OBJC_WEAK = YES;
				CLANG_WARN_BLOCK_CAPTURE_AUTORELEASING = YES;
				CLANG_WARN_BOOL_CONVERSION = YES;
				CLANG_WARN_COMMA = YES;
				CLANG_WARN_CONSTANT_CONVERSION = YES;
				CLANG_WARN_DEPRECATED_OBJC_IMPLEMENTATIONS = YES;
				CLANG_WARN_DIRECT_OBJC_ISA_USAGE = YES_ERROR;
				CLANG_WARN_DOCUMENTATION_COMMENTS = YES;
				CLANG_WARN_EMPTY_BODY = YES;
				CLANG_WARN_ENUM_CONVERSION = YES;
				CLANG_WARN_INFINITE_RECURSION = YES;
				CLANG_WARN_INT_CONVERSION = YES;
				CLANG_WARN_NON_LITERAL_NULL_CONVERSION = YES;
				CLANG_WARN_OBJC_IMPLICIT_RETAIN_SELF = YES;
				CLANG_WARN_OBJC_LITERAL_CONVERSION = YES;
				CLANG_WARN_OBJC_ROOT_CLASS = YES_ERROR;
				CLANG_WARN_QUOTED_INCLUDE_IN_FRAMEWORK_HEADER = YES;
				CLANG_WARN_RANGE_LOOP_ANALYSIS = YES;
				CLANG_WARN_STRICT_PROTOTYPES = YES;
				CLANG_WARN_SUSPICIOUS_MOVE = YES;
				CLANG_WARN_UNGUARDED_AVAILABILITY = YES_AGGRESSIVE;
				CLANG_WARN_UNREACHABLE_CODE = YES;
				CLANG_WARN__DUPLICATE_METHOD_MATCH = YES;
				COPY_PHASE_STRIP = NO;
				DEBUG_INFORMATION_FORMAT = "dwarf-with-dsym";
				ENABLE_NS_ASSERTIONS = NO;
				ENABLE_STRICT_OBJC_MSGSEND = YES;
				ENABLE_USER_SCRIPT_SANDBOXING = YES;
				GCC_C_LANGUAGE_STANDARD = gnu17;
				GCC_NO_COMMON_BLOCKS = YES;
				GCC_WARN_64_TO_32_BIT_CONVERSION = YES;
				GCC_WARN_ABOUT_RETURN_TYPE = YES_ERROR;
				GCC_WARN_UNDECLARED_SELECTOR = YES;
				GCC_WARN_UNINITIALIZED_AUTOS = YES_AGGRESSIVE;
				GCC_WARN_UNUSED_FUNCTION = YES;
				GCC_WARN_UNUSED_VARIABLE = YES;
				IPHONEOS_DEPLOYMENT_TARGET = 18.0;
				LOCALIZATION_PREFERS_STRING_CATALOGS = YES;
				MTL_ENABLE_DEBUG_INFO = NO;
				MTL_FAST_MATH = YES;
				SDKROOT = iphoneos;
				SWIFT_COMPILATION_MODE = wholemodule;
				VALIDATE_PRODUCT = YES;
			};
			name = Release;
		};
		03892C0A2D270AFF000D2989 /* Debug */ = {
			isa = XCBuildConfiguration;
			buildSettings = {
				ASSETCATALOG_COMPILER_APPICON_NAME = AppIcon;
				ASSETCATALOG_COMPILER_GLOBAL_ACCENT_COLOR_NAME = AccentColor;
				CODE_SIGN_STYLE = Automatic;
				CURRENT_PROJECT_VERSION = 1;
				DEVELOPMENT_ASSET_PATHS = "\"LeagueChampionStats/Preview Content\"";
				DEVELOPMENT_TEAM = MWCLM579GV;
				ENABLE_PREVIEWS = YES;
				GENERATE_INFOPLIST_FILE = YES;
				INFOPLIST_KEY_UIApplicationSceneManifest_Generation = YES;
				INFOPLIST_KEY_UIApplicationSupportsIndirectInputEvents = YES;
				INFOPLIST_KEY_UILaunchScreen_Generation = YES;
				INFOPLIST_KEY_UISupportedInterfaceOrientations_iPad = "UIInterfaceOrientationPortrait UIInterfaceOrientationPortraitUpsideDown UIInterfaceOrientationLandscapeLeft UIInterfaceOrientationLandscapeRight";
				INFOPLIST_KEY_UISupportedInterfaceOrientations_iPhone = "UIInterfaceOrientationPortrait UIInterfaceOrientationLandscapeLeft UIInterfaceOrientationLandscapeRight";
				IPHONEOS_DEPLOYMENT_TARGET = 17.6;
				LD_RUNPATH_SEARCH_PATHS = (
					"$(inherited)",
					"@executable_path/Frameworks",
				);
				MARKETING_VERSION = 1.0;
				PRODUCT_BUNDLE_IDENTIFIER = test.LeagueChampionStats;
				PRODUCT_NAME = "$(TARGET_NAME)";
				SWIFT_EMIT_LOC_STRINGS = YES;
				SWIFT_VERSION = 5.0;
				TARGETED_DEVICE_FAMILY = "1,2";
			};
			name = Debug;
		};
		03892C0B2D270AFF000D2989 /* Release */ = {
			isa = XCBuildConfiguration;
			buildSettings = {
				ASSETCATALOG_COMPILER_APPICON_NAME = AppIcon;
				ASSETCATALOG_COMPILER_GLOBAL_ACCENT_COLOR_NAME = AccentColor;
				CODE_SIGN_STYLE = Automatic;
				CURRENT_PROJECT_VERSION = 1;
				DEVELOPMENT_ASSET_PATHS = "\"LeagueChampionStats/Preview Content\"";
				DEVELOPMENT_TEAM = MWCLM579GV;
				ENABLE_PREVIEWS = YES;
				GENERATE_INFOPLIST_FILE = YES;
				INFOPLIST_KEY_UIApplicationSceneManifest_Generation = YES;
				INFOPLIST_KEY_UIApplicationSupportsIndirectInputEvents = YES;
				INFOPLIST_KEY_UILaunchScreen_Generation = YES;
				INFOPLIST_KEY_UISupportedInterfaceOrientations_iPad = "UIInterfaceOrientationPortrait UIInterfaceOrientationPortraitUpsideDown UIInterfaceOrientationLandscapeLeft UIInterfaceOrientationLandscapeRight";
				INFOPLIST_KEY_UISupportedInterfaceOrientations_iPhone = "UIInterfaceOrientationPortrait UIInterfaceOrientationLandscapeLeft UIInterfaceOrientationLandscapeRight";
				IPHONEOS_DEPLOYMENT_TARGET = 17.6;
				LD_RUNPATH_SEARCH_PATHS = (
					"$(inherited)",
					"@executable_path/Frameworks",
				);
				MARKETING_VERSION = 1.0;
				PRODUCT_BUNDLE_IDENTIFIER = test.LeagueChampionStats;
				PRODUCT_NAME = "$(TARGET_NAME)";
				SWIFT_EMIT_LOC_STRINGS = YES;
				SWIFT_VERSION = 5.0;
				TARGETED_DEVICE_FAMILY = "1,2";
			};
			name = Release;
		};
		03892C0D2D270AFF000D2989 /* Debug */ = {
			isa = XCBuildConfiguration;
			buildSettings = {
				BUNDLE_LOADER = "$(TEST_HOST)";
				CODE_SIGN_STYLE = Automatic;
				CURRENT_PROJECT_VERSION = 1;
				GENERATE_INFOPLIST_FILE = YES;
				IPHONEOS_DEPLOYMENT_TARGET = 18.0;
				MARKETING_VERSION = 1.0;
				PRODUCT_BUNDLE_IDENTIFIER = test.LeagueChampionStatsTests;
				PRODUCT_NAME = "$(TARGET_NAME)";
				SWIFT_EMIT_LOC_STRINGS = NO;
				SWIFT_VERSION = 5.0;
				TARGETED_DEVICE_FAMILY = "1,2";
				TEST_HOST = "$(BUILT_PRODUCTS_DIR)/LeagueChampionStats.app/$(BUNDLE_EXECUTABLE_FOLDER_PATH)/LeagueChampionStats";
			};
			name = Debug;
		};
		03892C0E2D270AFF000D2989 /* Release */ = {
			isa = XCBuildConfiguration;
			buildSettings = {
				BUNDLE_LOADER = "$(TEST_HOST)";
				CODE_SIGN_STYLE = Automatic;
				CURRENT_PROJECT_VERSION = 1;
				GENERATE_INFOPLIST_FILE = YES;
				IPHONEOS_DEPLOYMENT_TARGET = 18.0;
				MARKETING_VERSION = 1.0;
				PRODUCT_BUNDLE_IDENTIFIER = test.LeagueChampionStatsTests;
				PRODUCT_NAME = "$(TARGET_NAME)";
				SWIFT_EMIT_LOC_STRINGS = NO;
				SWIFT_VERSION = 5.0;
				TARGETED_DEVICE_FAMILY = "1,2";
				TEST_HOST = "$(BUILT_PRODUCTS_DIR)/LeagueChampionStats.app/$(BUNDLE_EXECUTABLE_FOLDER_PATH)/LeagueChampionStats";
			};
			name = Release;
		};
		03892C102D270AFF000D2989 /* Debug */ = {
			isa = XCBuildConfiguration;
			buildSettings = {
				CODE_SIGN_STYLE = Automatic;
				CURRENT_PROJECT_VERSION = 1;
				GENERATE_INFOPLIST_FILE = YES;
				MARKETING_VERSION = 1.0;
				PRODUCT_BUNDLE_IDENTIFIER = test.LeagueChampionStatsUITests;
				PRODUCT_NAME = "$(TARGET_NAME)";
				SWIFT_EMIT_LOC_STRINGS = NO;
				SWIFT_VERSION = 5.0;
				TARGETED_DEVICE_FAMILY = "1,2";
				TEST_TARGET_NAME = LeagueChampionStats;
			};
			name = Debug;
		};
		03892C112D270AFF000D2989 /* Release */ = {
			isa = XCBuildConfiguration;
			buildSettings = {
				CODE_SIGN_STYLE = Automatic;
				CURRENT_PROJECT_VERSION = 1;
				GENERATE_INFOPLIST_FILE = YES;
				MARKETING_VERSION = 1.0;
				PRODUCT_BUNDLE_IDENTIFIER = test.LeagueChampionStatsUITests;
				PRODUCT_NAME = "$(TARGET_NAME)";
				SWIFT_EMIT_LOC_STRINGS = NO;
				SWIFT_VERSION = 5.0;
				TARGETED_DEVICE_FAMILY = "1,2";
				TEST_TARGET_NAME = LeagueChampionStats;
			};
			name = Release;
		};
/* End XCBuildConfiguration section */

/* Begin XCConfigurationList section */
		03892BE02D270AFD000D2989 /* Build configuration list for PBXProject "LeagueChampionStats" */ = {
			isa = XCConfigurationList;
			buildConfigurations = (
				03892C072D270AFF000D2989 /* Debug */,
				03892C082D270AFF000D2989 /* Release */,
			);
			defaultConfigurationIsVisible = 0;
			defaultConfigurationName = Release;
		};
		03892C092D270AFF000D2989 /* Build configuration list for PBXNativeTarget "LeagueChampionStats" */ = {
			isa = XCConfigurationList;
			buildConfigurations = (
				03892C0A2D270AFF000D2989 /* Debug */,
				03892C0B2D270AFF000D2989 /* Release */,
			);
			defaultConfigurationIsVisible = 0;
			defaultConfigurationName = Release;
		};
		03892C0C2D270AFF000D2989 /* Build configuration list for PBXNativeTarget "LeagueChampionStatsTests" */ = {
			isa = XCConfigurationList;
			buildConfigurations = (
				03892C0D2D270AFF000D2989 /* Debug */,
				03892C0E2D270AFF000D2989 /* Release */,
			);
			defaultConfigurationIsVisible = 0;
			defaultConfigurationName = Release;
		};
		03892C0F2D270AFF000D2989 /* Build configuration list for PBXNativeTarget "LeagueChampionStatsUITests" */ = {
			isa = XCConfigurationList;
			buildConfigurations = (
				03892C102D270AFF000D2989 /* Debug */,
				03892C112D270AFF000D2989 /* Release */,
			);
			defaultConfigurationIsVisible = 0;
			defaultConfigurationName = Release;
		};
/* End XCConfigurationList section */
	};
	rootObject = 03892BDD2D270AFD000D2989 /* Project object */;
}
